
Microsoft Visual Studio Solution File, Format Version 12.00
# Visual Studio Version 17
VisualStudioVersion = 17.3.32811.315
MinimumVisualStudioVersion = 10.0.40219.1
Project("{8BC9CEB8-8B4A-11D0-8D11-00A0C91BC942}") = "Euler76", "Euler76\Euler76.vcxproj", "{515DE8A9-04E3-4FDD-8150-DBD140006F6F}"
EndProject
Project("{8BC9CEB8-8B4A-11D0-8D11-00A0C91BC942}") = "Euler20", "Euler20\Euler20.vcxproj", "{C7C605B5-1BD4-4687-AEF6-EB63F58DA330}"
EndProject
Project("{8BC9CEB8-8B4A-11D0-8D11-00A0C91BC942}") = "Euler254", "Euler254\Euler254.vcxproj", "{A744CC20-B148-4E42-8876-378DFFA5D3AC}"
EndProject
Project("{8BC9CEB8-8B4A-11D0-8D11-00A0C91BC942}") = "Euler34", "Euler34\Euler34.vcxproj", "{EAF1DE95-9D04-49CD-ADAD-E5F7CC823F55}"
EndProject
Project("{8BC9CEB8-8B4A-11D0-8D11-00A0C91BC942}") = "Euler119", "Euler119\Euler119.vcxproj", "{03CD1AEB-6BC1-4158-9218-A2D0B1A4B967}"
EndProject
Project("{8BC9CEB8-8B4A-11D0-8D11-00A0C91BC942}") = "Util", "Util\Util.vcxproj", "{BAB78E5A-3526-421E-A339-5172F618B764}"
EndProject
Global
	GlobalSection(SolutionConfigurationPlatforms) = preSolution
		Debug|x64 = Debug|x64
		Debug|x86 = Debug|x86
		Release|x64 = Release|x64
		Release|x86 = Release|x86
	EndGlobalSection
	GlobalSection(ProjectConfigurationPlatforms) = postSolution
		{515DE8A9-04E3-4FDD-8150-DBD140006F6F}.Debug|x64.ActiveCfg = Debug|x64
		{515DE8A9-04E3-4FDD-8150-DBD140006F6F}.Debug|x64.Build.0 = Debug|x64
		{515DE8A9-04E3-4FDD-8150-DBD140006F6F}.Debug|x86.ActiveCfg = Debug|Win32
		{515DE8A9-04E3-4FDD-8150-DBD140006F6F}.Debug|x86.Build.0 = Debug|Win32
		{515DE8A9-04E3-4FDD-8150-DBD140006F6F}.Release|x64.ActiveCfg = Release|x64
		{515DE8A9-04E3-4FDD-8150-DBD140006F6F}.Release|x64.Build.0 = Release|x64
		{515DE8A9-04E3-4FDD-8150-DBD140006F6F}.Release|x86.ActiveCfg = Release|Win32
		{515DE8A9-04E3-4FDD-8150-DBD140006F6F}.Release|x86.Build.0 = Release|Win32
		{C7C605B5-1BD4-4687-AEF6-EB63F58DA330}.Debug|x64.ActiveCfg = Debug|x64
		{C7C605B5-1BD4-4687-AEF6-EB63F58DA330}.Debug|x64.Build.0 = Debug|x64
		{C7C605B5-1BD4-4687-AEF6-EB63F58DA330}.Debug|x86.ActiveCfg = Debug|Win32
		{C7C605B5-1BD4-4687-AEF6-EB63F58DA330}.Debug|x86.Build.0 = Debug|Win32
		{C7C605B5-1BD4-4687-AEF6-EB63F58DA330}.Release|x64.ActiveCfg = Release|x64
		{C7C605B5-1BD4-4687-AEF6-EB63F58DA330}.Release|x64.Build.0 = Release|x64
		{C7C605B5-1BD4-4687-AEF6-EB63F58DA330}.Release|x86.ActiveCfg = Release|Win32
		{C7C605B5-1BD4-4687-AEF6-EB63F58DA330}.Release|x86.Build.0 = Release|Win32
		{A744CC20-B148-4E42-8876-378DFFA5D3AC}.Debug|x64.ActiveCfg = Debug|x64
		{A744CC20-B148-4E42-8876-378DFFA5D3AC}.Debug|x64.Build.0 = Debug|x64
		{A744CC20-B148-4E42-8876-378DFFA5D3AC}.Debug|x86.ActiveCfg = Debug|Win32
		{A744CC20-B148-4E42-8876-378DFFA5D3AC}.Debug|x86.Build.0 = Debug|Win32
		{A744CC20-B148-4E42-8876-378DFFA5D3AC}.Release|x64.ActiveCfg = Release|x64
		{A744CC20-B148-4E42-8876-378DFFA5D3AC}.Release|x64.Build.0 = Release|x64
		{A744CC20-B148-4E42-8876-378DFFA5D3AC}.Release|x86.ActiveCfg = Release|Win32
		{A744CC20-B148-4E42-8876-378DFFA5D3AC}.Release|x86.Build.0 = Release|Win32
		{EAF1DE95-9D04-49CD-ADAD-E5F7CC823F55}.Debug|x64.ActiveCfg = Debug|x64
		{EAF1DE95-9D04-49CD-ADAD-E5F7CC823F55}.Debug|x64.Build.0 = Debug|x64
		{EAF1DE95-9D04-49CD-ADAD-E5F7CC823F55}.Debug|x86.ActiveCfg = Debug|Win32
		{EAF1DE95-9D04-49CD-ADAD-E5F7CC823F55}.Debug|x86.Build.0 = Debug|Win32
		{EAF1DE95-9D04-49CD-ADAD-E5F7CC823F55}.Release|x64.ActiveCfg = Release|x64
		{EAF1DE95-9D04-49CD-ADAD-E5F7CC823F55}.Release|x64.Build.0 = Release|x64
		{EAF1DE95-9D04-49CD-ADAD-E5F7CC823F55}.Release|x86.ActiveCfg = Release|Win32
		{EAF1DE95-9D04-49CD-ADAD-E5F7CC823F55}.Release|x86.Build.0 = Release|Win32
		{03CD1AEB-6BC1-4158-9218-A2D0B1A4B967}.Debug|x64.ActiveCfg = Debug|x64
		{03CD1AEB-6BC1-4158-9218-A2D0B1A4B967}.Debug|x64.Build.0 = Debug|x64
		{03CD1AEB-6BC1-4158-9218-A2D0B1A4B967}.Debug|x86.ActiveCfg = Debug|Win32
		{03CD1AEB-6BC1-4158-9218-A2D0B1A4B967}.Debug|x86.Build.0 = Debug|Win32
		{03CD1AEB-6BC1-4158-9218-A2D0B1A4B967}.Release|x64.ActiveCfg = Release|x64
		{03CD1AEB-6BC1-4158-9218-A2D0B1A4B967}.Release|x64.Build.0 = Release|x64
		{03CD1AEB-6BC1-4158-9218-A2D0B1A4B967}.Release|x86.ActiveCfg = Release|Win32
		{03CD1AEB-6BC1-4158-9218-A2D0B1A4B967}.Release|x86.Build.0 = Release|Win32
		{BAB78E5A-3526-421E-A339-5172F618B764}.Debug|x64.ActiveCfg = Debug|x64
		{BAB78E5A-3526-421E-A339-5172F618B764}.Debug|x64.Build.0 = Debug|x64
		{BAB78E5A-3526-421E-A339-5172F618B764}.Debug|x86.ActiveCfg = Debug|Win32
		{BAB78E5A-3526-421E-A339-5172F618B764}.Debug|x86.Build.0 = Debug|Win32
		{BAB78E5A-3526-421E-A339-5172F618B764}.Release|x64.ActiveCfg = Release|x64
		{BAB78E5A-3526-421E-A339-5172F618B764}.Release|x64.Build.0 = Release|x64
		{BAB78E5A-3526-421E-A339-5172F618B764}.Release|x86.ActiveCfg = Release|Win32
		{BAB78E5A-3526-421E-A339-5172F618B764}.Release|x86.Build.0 = Release|Win32
	EndGlobalSection
	GlobalSection(SolutionProperties) = preSolution
		HideSolutionNode = FALSE
	EndGlobalSection
	GlobalSection(ExtensibilityGlobals) = postSolution
		SolutionGuid = {23228513-5EC7-495F-BEF0-B95DA5708387}
	EndGlobalSection
EndGlobal
