
Microsoft Visual Studio Solution File, Format Version 12.00
# Visual Studio Version 17
VisualStudioVersion = 17.3.32811.315
MinimumVisualStudioVersion = 10.0.40219.1
Project("{8BC9CEB8-8B4A-11D0-8D11-00A0C91BC942}") = "Euler76", "Euler76\Euler76.vcxproj", "{515DE8A9-04E3-4FDD-8150-DBD140006F6F}"
EndProject
Project("{8BC9CEB8-8B4A-11D0-8D11-00A0C91BC942}") = "Euler20", "Euler20\Euler20.vcxproj", "{C7C605B5-1BD4-4687-AEF6-EB63F58DA330}"
EndProject
Project("{8BC9CEB8-8B4A-11D0-8D11-00A0C91BC942}") = "Euler254", "Euler254\Euler254.vcxproj", "{A744CC20-B148-4E42-8876-378DFFA5D3AC}"
EndProject
Project("{8BC9CEB8-8B4A-11D0-8D11-00A0C91BC942}") = "Euler34", "Euler34\Euler34.vcxproj", "{EAF1DE95-9D04-49CD-ADAD-E5F7CC823F55}"
EndProject
Project("{8BC9CEB8-8B4A-11D0-8D11-00A0C91BC942}") = "Euler119", "Euler119\Euler119.vcxproj", "{03CD1AEB-6BC1-4158-9218-A2D0B1A4B967}"
EndProject
Project("{8BC9CEB8-8B4A-11D0-8D11-00A0C91BC942}") = "Util", "Util\Util.vcxproj", "{BAB78E5A-3526-421E-A339-5172F618B764}"
EndProject
Project("{8BC9CEB8-8B4A-11D0-8D11-00A0C91BC942}") = "Euler21", "Euler21\Euler21.vcxproj", "{76E052A2-16F0-42C5-A818-6BDC4176B832}"
EndProject
Project("{8BC9CEB8-8B4A-11D0-8D11-00A0C91BC942}") = "Euler22", "Euler22\Euler22.vcxproj", "{F25E3DCA-8A91-4087-96D7-8DFD2FBEC1FB}"
EndProject
Project("{8BC9CEB8-8B4A-11D0-8D11-00A0C91BC942}") = "Euler23", "Euler23\Euler23.vcxproj", "{94E7E5A9-444C-474B-9213-3D69676D052D}"
EndProject
Project("{8BC9CEB8-8B4A-11D0-8D11-00A0C91BC942}") = "Euler24", "Euler24\Euler24.vcxproj", "{65B823FA-1794-49A3-8A8B-B35904EAF260}"
EndProject
Project("{8BC9CEB8-8B4A-11D0-8D11-00A0C91BC942}") = "Euler25", "Euler25\Euler25.vcxproj", "{6E618567-41D1-453E-A2E3-2163CD83A180}"
EndProject
Project("{8BC9CEB8-8B4A-11D0-8D11-00A0C91BC942}") = "Euler26", "Euler26\Euler26.vcxproj", "{3FC10E5A-7993-4045-A3F0-5FABF861E5A1}"
EndProject
Project("{8BC9CEB8-8B4A-11D0-8D11-00A0C91BC942}") = "Euler27", "Euler27\Euler27.vcxproj", "{8D2D8B62-FEFD-475A-A40A-1A84AC6F993E}"
EndProject
Project("{8BC9CEB8-8B4A-11D0-8D11-00A0C91BC942}") = "Euler28", "Euler28\Euler28.vcxproj", "{806508FE-FBD6-4B1A-9A9D-45C0CC9BCADB}"
EndProject
Project("{8BC9CEB8-8B4A-11D0-8D11-00A0C91BC942}") = "Euler29", "Euler29\Euler29.vcxproj", "{42E3E896-BAAC-47B4-A459-526268804608}"
EndProject
Project("{8BC9CEB8-8B4A-11D0-8D11-00A0C91BC942}") = "Euler30", "Euler30\Euler30.vcxproj", "{E8366085-7659-4139-A747-75C5C794274B}"
EndProject
Project("{8BC9CEB8-8B4A-11D0-8D11-00A0C91BC942}") = "Euler31", "Euler31\Euler31.vcxproj", "{968C7E34-81F9-461F-8EF2-2319B3BCCA82}"
EndProject
Project("{8BC9CEB8-8B4A-11D0-8D11-00A0C91BC942}") = "Euler32", "Euler32\Euler32.vcxproj", "{6E654A16-336C-4110-A657-7D1BD9B48CFB}"
EndProject
Project("{8BC9CEB8-8B4A-11D0-8D11-00A0C91BC942}") = "Euler33", "Euler33\Euler33.vcxproj", "{0EB26690-FDFC-4780-9879-698AE5D017DA}"
EndProject
Project("{8BC9CEB8-8B4A-11D0-8D11-00A0C91BC942}") = "Euler35", "Euler35\Euler35.vcxproj", "{7E214B98-4BAB-4626-B502-55A4FB675CB9}"
EndProject
Project("{8BC9CEB8-8B4A-11D0-8D11-00A0C91BC942}") = "Euler236", "Euler236\Euler236.vcxproj", "{D7D73B04-6EEF-4CA1-BDD2-83E574CFFC81}"
EndProject
Project("{8BC9CEB8-8B4A-11D0-8D11-00A0C91BC942}") = "Euler216", "Euler216\Euler216.vcxproj", "{76EE94C8-A94B-4D13-A104-AABC6284C012}"
EndProject
Project("{8BC9CEB8-8B4A-11D0-8D11-00A0C91BC942}") = "Euler37", "Euler37\Euler37.vcxproj", "{F5558E65-6F52-4A75-A479-9306B3AF2FF9}"
EndProject
Global
	GlobalSection(SolutionConfigurationPlatforms) = preSolution
		Debug|x64 = Debug|x64
		Debug|x86 = Debug|x86
		Release|x64 = Release|x64
		Release|x86 = Release|x86
	EndGlobalSection
	GlobalSection(ProjectConfigurationPlatforms) = postSolution
		{515DE8A9-04E3-4FDD-8150-DBD140006F6F}.Debug|x64.ActiveCfg = Debug|x64
		{515DE8A9-04E3-4FDD-8150-DBD140006F6F}.Debug|x64.Build.0 = Debug|x64
		{515DE8A9-04E3-4FDD-8150-DBD140006F6F}.Debug|x86.ActiveCfg = Debug|Win32
		{515DE8A9-04E3-4FDD-8150-DBD140006F6F}.Debug|x86.Build.0 = Debug|Win32
		{515DE8A9-04E3-4FDD-8150-DBD140006F6F}.Release|x64.ActiveCfg = Release|x64
		{515DE8A9-04E3-4FDD-8150-DBD140006F6F}.Release|x64.Build.0 = Release|x64
		{515DE8A9-04E3-4FDD-8150-DBD140006F6F}.Release|x86.ActiveCfg = Release|Win32
		{515DE8A9-04E3-4FDD-8150-DBD140006F6F}.Release|x86.Build.0 = Release|Win32
		{C7C605B5-1BD4-4687-AEF6-EB63F58DA330}.Debug|x64.ActiveCfg = Debug|x64
		{C7C605B5-1BD4-4687-AEF6-EB63F58DA330}.Debug|x64.Build.0 = Debug|x64
		{C7C605B5-1BD4-4687-AEF6-EB63F58DA330}.Debug|x86.ActiveCfg = Debug|Win32
		{C7C605B5-1BD4-4687-AEF6-EB63F58DA330}.Debug|x86.Build.0 = Debug|Win32
		{C7C605B5-1BD4-4687-AEF6-EB63F58DA330}.Release|x64.ActiveCfg = Release|x64
		{C7C605B5-1BD4-4687-AEF6-EB63F58DA330}.Release|x64.Build.0 = Release|x64
		{C7C605B5-1BD4-4687-AEF6-EB63F58DA330}.Release|x86.ActiveCfg = Release|Win32
		{C7C605B5-1BD4-4687-AEF6-EB63F58DA330}.Release|x86.Build.0 = Release|Win32
		{A744CC20-B148-4E42-8876-378DFFA5D3AC}.Debug|x64.ActiveCfg = Debug|x64
		{A744CC20-B148-4E42-8876-378DFFA5D3AC}.Debug|x64.Build.0 = Debug|x64
		{A744CC20-B148-4E42-8876-378DFFA5D3AC}.Debug|x86.ActiveCfg = Debug|Win32
		{A744CC20-B148-4E42-8876-378DFFA5D3AC}.Debug|x86.Build.0 = Debug|Win32
		{A744CC20-B148-4E42-8876-378DFFA5D3AC}.Release|x64.ActiveCfg = Release|x64
		{A744CC20-B148-4E42-8876-378DFFA5D3AC}.Release|x64.Build.0 = Release|x64
		{A744CC20-B148-4E42-8876-378DFFA5D3AC}.Release|x86.ActiveCfg = Release|Win32
		{A744CC20-B148-4E42-8876-378DFFA5D3AC}.Release|x86.Build.0 = Release|Win32
		{EAF1DE95-9D04-49CD-ADAD-E5F7CC823F55}.Debug|x64.ActiveCfg = Debug|x64
		{EAF1DE95-9D04-49CD-ADAD-E5F7CC823F55}.Debug|x64.Build.0 = Debug|x64
		{EAF1DE95-9D04-49CD-ADAD-E5F7CC823F55}.Debug|x86.ActiveCfg = Debug|Win32
		{EAF1DE95-9D04-49CD-ADAD-E5F7CC823F55}.Debug|x86.Build.0 = Debug|Win32
		{EAF1DE95-9D04-49CD-ADAD-E5F7CC823F55}.Release|x64.ActiveCfg = Release|x64
		{EAF1DE95-9D04-49CD-ADAD-E5F7CC823F55}.Release|x64.Build.0 = Release|x64
		{EAF1DE95-9D04-49CD-ADAD-E5F7CC823F55}.Release|x86.ActiveCfg = Release|Win32
		{EAF1DE95-9D04-49CD-ADAD-E5F7CC823F55}.Release|x86.Build.0 = Release|Win32
		{03CD1AEB-6BC1-4158-9218-A2D0B1A4B967}.Debug|x64.ActiveCfg = Debug|x64
		{03CD1AEB-6BC1-4158-9218-A2D0B1A4B967}.Debug|x64.Build.0 = Debug|x64
		{03CD1AEB-6BC1-4158-9218-A2D0B1A4B967}.Debug|x86.ActiveCfg = Debug|Win32
		{03CD1AEB-6BC1-4158-9218-A2D0B1A4B967}.Debug|x86.Build.0 = Debug|Win32
		{03CD1AEB-6BC1-4158-9218-A2D0B1A4B967}.Release|x64.ActiveCfg = Release|x64
		{03CD1AEB-6BC1-4158-9218-A2D0B1A4B967}.Release|x64.Build.0 = Release|x64
		{03CD1AEB-6BC1-4158-9218-A2D0B1A4B967}.Release|x86.ActiveCfg = Release|Win32
		{03CD1AEB-6BC1-4158-9218-A2D0B1A4B967}.Release|x86.Build.0 = Release|Win32
		{BAB78E5A-3526-421E-A339-5172F618B764}.Debug|x64.ActiveCfg = Debug|x64
		{BAB78E5A-3526-421E-A339-5172F618B764}.Debug|x64.Build.0 = Debug|x64
		{BAB78E5A-3526-421E-A339-5172F618B764}.Debug|x86.ActiveCfg = Debug|Win32
		{BAB78E5A-3526-421E-A339-5172F618B764}.Debug|x86.Build.0 = Debug|Win32
		{BAB78E5A-3526-421E-A339-5172F618B764}.Release|x64.ActiveCfg = Release|x64
		{BAB78E5A-3526-421E-A339-5172F618B764}.Release|x64.Build.0 = Release|x64
		{BAB78E5A-3526-421E-A339-5172F618B764}.Release|x86.ActiveCfg = Release|Win32
		{BAB78E5A-3526-421E-A339-5172F618B764}.Release|x86.Build.0 = Release|Win32
		{76E052A2-16F0-42C5-A818-6BDC4176B832}.Debug|x64.ActiveCfg = Debug|x64
		{76E052A2-16F0-42C5-A818-6BDC4176B832}.Debug|x64.Build.0 = Debug|x64
		{76E052A2-16F0-42C5-A818-6BDC4176B832}.Debug|x86.ActiveCfg = Debug|Win32
		{76E052A2-16F0-42C5-A818-6BDC4176B832}.Debug|x86.Build.0 = Debug|Win32
		{76E052A2-16F0-42C5-A818-6BDC4176B832}.Release|x64.ActiveCfg = Release|x64
		{76E052A2-16F0-42C5-A818-6BDC4176B832}.Release|x64.Build.0 = Release|x64
		{76E052A2-16F0-42C5-A818-6BDC4176B832}.Release|x86.ActiveCfg = Release|Win32
		{76E052A2-16F0-42C5-A818-6BDC4176B832}.Release|x86.Build.0 = Release|Win32
		{F25E3DCA-8A91-4087-96D7-8DFD2FBEC1FB}.Debug|x64.ActiveCfg = Debug|x64
		{F25E3DCA-8A91-4087-96D7-8DFD2FBEC1FB}.Debug|x64.Build.0 = Debug|x64
		{F25E3DCA-8A91-4087-96D7-8DFD2FBEC1FB}.Debug|x86.ActiveCfg = Debug|Win32
		{F25E3DCA-8A91-4087-96D7-8DFD2FBEC1FB}.Debug|x86.Build.0 = Debug|Win32
		{F25E3DCA-8A91-4087-96D7-8DFD2FBEC1FB}.Release|x64.ActiveCfg = Release|x64
		{F25E3DCA-8A91-4087-96D7-8DFD2FBEC1FB}.Release|x64.Build.0 = Release|x64
		{F25E3DCA-8A91-4087-96D7-8DFD2FBEC1FB}.Release|x86.ActiveCfg = Release|Win32
		{F25E3DCA-8A91-4087-96D7-8DFD2FBEC1FB}.Release|x86.Build.0 = Release|Win32
		{94E7E5A9-444C-474B-9213-3D69676D052D}.Debug|x64.ActiveCfg = Debug|x64
		{94E7E5A9-444C-474B-9213-3D69676D052D}.Debug|x64.Build.0 = Debug|x64
		{94E7E5A9-444C-474B-9213-3D69676D052D}.Debug|x86.ActiveCfg = Debug|Win32
		{94E7E5A9-444C-474B-9213-3D69676D052D}.Debug|x86.Build.0 = Debug|Win32
		{94E7E5A9-444C-474B-9213-3D69676D052D}.Release|x64.ActiveCfg = Release|x64
		{94E7E5A9-444C-474B-9213-3D69676D052D}.Release|x64.Build.0 = Release|x64
		{94E7E5A9-444C-474B-9213-3D69676D052D}.Release|x86.ActiveCfg = Release|Win32
		{94E7E5A9-444C-474B-9213-3D69676D052D}.Release|x86.Build.0 = Release|Win32
		{65B823FA-1794-49A3-8A8B-B35904EAF260}.Debug|x64.ActiveCfg = Debug|x64
		{65B823FA-1794-49A3-8A8B-B35904EAF260}.Debug|x64.Build.0 = Debug|x64
		{65B823FA-1794-49A3-8A8B-B35904EAF260}.Debug|x86.ActiveCfg = Debug|Win32
		{65B823FA-1794-49A3-8A8B-B35904EAF260}.Debug|x86.Build.0 = Debug|Win32
		{65B823FA-1794-49A3-8A8B-B35904EAF260}.Release|x64.ActiveCfg = Release|x64
		{65B823FA-1794-49A3-8A8B-B35904EAF260}.Release|x64.Build.0 = Release|x64
		{65B823FA-1794-49A3-8A8B-B35904EAF260}.Release|x86.ActiveCfg = Release|Win32
		{65B823FA-1794-49A3-8A8B-B35904EAF260}.Release|x86.Build.0 = Release|Win32
		{6E618567-41D1-453E-A2E3-2163CD83A180}.Debug|x64.ActiveCfg = Debug|x64
		{6E618567-41D1-453E-A2E3-2163CD83A180}.Debug|x64.Build.0 = Debug|x64
		{6E618567-41D1-453E-A2E3-2163CD83A180}.Debug|x86.ActiveCfg = Debug|Win32
		{6E618567-41D1-453E-A2E3-2163CD83A180}.Debug|x86.Build.0 = Debug|Win32
		{6E618567-41D1-453E-A2E3-2163CD83A180}.Release|x64.ActiveCfg = Release|x64
		{6E618567-41D1-453E-A2E3-2163CD83A180}.Release|x64.Build.0 = Release|x64
		{6E618567-41D1-453E-A2E3-2163CD83A180}.Release|x86.ActiveCfg = Release|Win32
		{6E618567-41D1-453E-A2E3-2163CD83A180}.Release|x86.Build.0 = Release|Win32
		{3FC10E5A-7993-4045-A3F0-5FABF861E5A1}.Debug|x64.ActiveCfg = Debug|x64
		{3FC10E5A-7993-4045-A3F0-5FABF861E5A1}.Debug|x64.Build.0 = Debug|x64
		{3FC10E5A-7993-4045-A3F0-5FABF861E5A1}.Debug|x86.ActiveCfg = Debug|Win32
		{3FC10E5A-7993-4045-A3F0-5FABF861E5A1}.Debug|x86.Build.0 = Debug|Win32
		{3FC10E5A-7993-4045-A3F0-5FABF861E5A1}.Release|x64.ActiveCfg = Release|x64
		{3FC10E5A-7993-4045-A3F0-5FABF861E5A1}.Release|x64.Build.0 = Release|x64
		{3FC10E5A-7993-4045-A3F0-5FABF861E5A1}.Release|x86.ActiveCfg = Release|Win32
		{3FC10E5A-7993-4045-A3F0-5FABF861E5A1}.Release|x86.Build.0 = Release|Win32
		{8D2D8B62-FEFD-475A-A40A-1A84AC6F993E}.Debug|x64.ActiveCfg = Debug|x64
		{8D2D8B62-FEFD-475A-A40A-1A84AC6F993E}.Debug|x64.Build.0 = Debug|x64
		{8D2D8B62-FEFD-475A-A40A-1A84AC6F993E}.Debug|x86.ActiveCfg = Debug|Win32
		{8D2D8B62-FEFD-475A-A40A-1A84AC6F993E}.Debug|x86.Build.0 = Debug|Win32
		{8D2D8B62-FEFD-475A-A40A-1A84AC6F993E}.Release|x64.ActiveCfg = Release|x64
		{8D2D8B62-FEFD-475A-A40A-1A84AC6F993E}.Release|x64.Build.0 = Release|x64
		{8D2D8B62-FEFD-475A-A40A-1A84AC6F993E}.Release|x86.ActiveCfg = Release|Win32
		{8D2D8B62-FEFD-475A-A40A-1A84AC6F993E}.Release|x86.Build.0 = Release|Win32
		{806508FE-FBD6-4B1A-9A9D-45C0CC9BCADB}.Debug|x64.ActiveCfg = Debug|x64
		{806508FE-FBD6-4B1A-9A9D-45C0CC9BCADB}.Debug|x64.Build.0 = Debug|x64
		{806508FE-FBD6-4B1A-9A9D-45C0CC9BCADB}.Debug|x86.ActiveCfg = Debug|Win32
		{806508FE-FBD6-4B1A-9A9D-45C0CC9BCADB}.Debug|x86.Build.0 = Debug|Win32
		{806508FE-FBD6-4B1A-9A9D-45C0CC9BCADB}.Release|x64.ActiveCfg = Release|x64
		{806508FE-FBD6-4B1A-9A9D-45C0CC9BCADB}.Release|x64.Build.0 = Release|x64
		{806508FE-FBD6-4B1A-9A9D-45C0CC9BCADB}.Release|x86.ActiveCfg = Release|Win32
		{806508FE-FBD6-4B1A-9A9D-45C0CC9BCADB}.Release|x86.Build.0 = Release|Win32
		{42E3E896-BAAC-47B4-A459-526268804608}.Debug|x64.ActiveCfg = Debug|x64
		{42E3E896-BAAC-47B4-A459-526268804608}.Debug|x64.Build.0 = Debug|x64
		{42E3E896-BAAC-47B4-A459-526268804608}.Debug|x86.ActiveCfg = Debug|Win32
		{42E3E896-BAAC-47B4-A459-526268804608}.Debug|x86.Build.0 = Debug|Win32
		{42E3E896-BAAC-47B4-A459-526268804608}.Release|x64.ActiveCfg = Release|x64
		{42E3E896-BAAC-47B4-A459-526268804608}.Release|x64.Build.0 = Release|x64
		{42E3E896-BAAC-47B4-A459-526268804608}.Release|x86.ActiveCfg = Release|Win32
		{42E3E896-BAAC-47B4-A459-526268804608}.Release|x86.Build.0 = Release|Win32
		{E8366085-7659-4139-A747-75C5C794274B}.Debug|x64.ActiveCfg = Debug|x64
		{E8366085-7659-4139-A747-75C5C794274B}.Debug|x64.Build.0 = Debug|x64
		{E8366085-7659-4139-A747-75C5C794274B}.Debug|x86.ActiveCfg = Debug|Win32
		{E8366085-7659-4139-A747-75C5C794274B}.Debug|x86.Build.0 = Debug|Win32
		{E8366085-7659-4139-A747-75C5C794274B}.Release|x64.ActiveCfg = Release|x64
		{E8366085-7659-4139-A747-75C5C794274B}.Release|x64.Build.0 = Release|x64
		{E8366085-7659-4139-A747-75C5C794274B}.Release|x86.ActiveCfg = Release|Win32
		{E8366085-7659-4139-A747-75C5C794274B}.Release|x86.Build.0 = Release|Win32
		{968C7E34-81F9-461F-8EF2-2319B3BCCA82}.Debug|x64.ActiveCfg = Debug|x64
		{968C7E34-81F9-461F-8EF2-2319B3BCCA82}.Debug|x64.Build.0 = Debug|x64
		{968C7E34-81F9-461F-8EF2-2319B3BCCA82}.Debug|x86.ActiveCfg = Debug|Win32
		{968C7E34-81F9-461F-8EF2-2319B3BCCA82}.Debug|x86.Build.0 = Debug|Win32
		{968C7E34-81F9-461F-8EF2-2319B3BCCA82}.Release|x64.ActiveCfg = Release|x64
		{968C7E34-81F9-461F-8EF2-2319B3BCCA82}.Release|x64.Build.0 = Release|x64
		{968C7E34-81F9-461F-8EF2-2319B3BCCA82}.Release|x86.ActiveCfg = Release|Win32
		{968C7E34-81F9-461F-8EF2-2319B3BCCA82}.Release|x86.Build.0 = Release|Win32
		{6E654A16-336C-4110-A657-7D1BD9B48CFB}.Debug|x64.ActiveCfg = Debug|x64
		{6E654A16-336C-4110-A657-7D1BD9B48CFB}.Debug|x64.Build.0 = Debug|x64
		{6E654A16-336C-4110-A657-7D1BD9B48CFB}.Debug|x86.ActiveCfg = Debug|Win32
		{6E654A16-336C-4110-A657-7D1BD9B48CFB}.Debug|x86.Build.0 = Debug|Win32
		{6E654A16-336C-4110-A657-7D1BD9B48CFB}.Release|x64.ActiveCfg = Release|x64
		{6E654A16-336C-4110-A657-7D1BD9B48CFB}.Release|x64.Build.0 = Release|x64
		{6E654A16-336C-4110-A657-7D1BD9B48CFB}.Release|x86.ActiveCfg = Release|Win32
		{6E654A16-336C-4110-A657-7D1BD9B48CFB}.Release|x86.Build.0 = Release|Win32
		{0EB26690-FDFC-4780-9879-698AE5D017DA}.Debug|x64.ActiveCfg = Debug|x64
		{0EB26690-FDFC-4780-9879-698AE5D017DA}.Debug|x64.Build.0 = Debug|x64
		{0EB26690-FDFC-4780-9879-698AE5D017DA}.Debug|x86.ActiveCfg = Debug|Win32
		{0EB26690-FDFC-4780-9879-698AE5D017DA}.Debug|x86.Build.0 = Debug|Win32
		{0EB26690-FDFC-4780-9879-698AE5D017DA}.Release|x64.ActiveCfg = Release|x64
		{0EB26690-FDFC-4780-9879-698AE5D017DA}.Release|x64.Build.0 = Release|x64
		{0EB26690-FDFC-4780-9879-698AE5D017DA}.Release|x86.ActiveCfg = Release|Win32
		{0EB26690-FDFC-4780-9879-698AE5D017DA}.Release|x86.Build.0 = Release|Win32
		{7E214B98-4BAB-4626-B502-55A4FB675CB9}.Debug|x64.ActiveCfg = Debug|x64
		{7E214B98-4BAB-4626-B502-55A4FB675CB9}.Debug|x64.Build.0 = Debug|x64
		{7E214B98-4BAB-4626-B502-55A4FB675CB9}.Debug|x86.ActiveCfg = Debug|Win32
		{7E214B98-4BAB-4626-B502-55A4FB675CB9}.Debug|x86.Build.0 = Debug|Win32
		{7E214B98-4BAB-4626-B502-55A4FB675CB9}.Release|x64.ActiveCfg = Release|x64
		{7E214B98-4BAB-4626-B502-55A4FB675CB9}.Release|x64.Build.0 = Release|x64
		{7E214B98-4BAB-4626-B502-55A4FB675CB9}.Release|x86.ActiveCfg = Release|Win32
		{7E214B98-4BAB-4626-B502-55A4FB675CB9}.Release|x86.Build.0 = Release|Win32
		{D7D73B04-6EEF-4CA1-BDD2-83E574CFFC81}.Debug|x64.ActiveCfg = Debug|x64
		{D7D73B04-6EEF-4CA1-BDD2-83E574CFFC81}.Debug|x64.Build.0 = Debug|x64
		{D7D73B04-6EEF-4CA1-BDD2-83E574CFFC81}.Debug|x86.ActiveCfg = Debug|Win32
		{D7D73B04-6EEF-4CA1-BDD2-83E574CFFC81}.Debug|x86.Build.0 = Debug|Win32
		{D7D73B04-6EEF-4CA1-BDD2-83E574CFFC81}.Release|x64.ActiveCfg = Release|x64
		{D7D73B04-6EEF-4CA1-BDD2-83E574CFFC81}.Release|x64.Build.0 = Release|x64
		{D7D73B04-6EEF-4CA1-BDD2-83E574CFFC81}.Release|x86.ActiveCfg = Release|Win32
		{D7D73B04-6EEF-4CA1-BDD2-83E574CFFC81}.Release|x86.Build.0 = Release|Win32
		{76EE94C8-A94B-4D13-A104-AABC6284C012}.Debug|x64.ActiveCfg = Debug|x64
		{76EE94C8-A94B-4D13-A104-AABC6284C012}.Debug|x64.Build.0 = Debug|x64
		{76EE94C8-A94B-4D13-A104-AABC6284C012}.Debug|x86.ActiveCfg = Debug|Win32
		{76EE94C8-A94B-4D13-A104-AABC6284C012}.Debug|x86.Build.0 = Debug|Win32
		{76EE94C8-A94B-4D13-A104-AABC6284C012}.Release|x64.ActiveCfg = Release|x64
		{76EE94C8-A94B-4D13-A104-AABC6284C012}.Release|x64.Build.0 = Release|x64
		{76EE94C8-A94B-4D13-A104-AABC6284C012}.Release|x86.ActiveCfg = Release|Win32
		{76EE94C8-A94B-4D13-A104-AABC6284C012}.Release|x86.Build.0 = Release|Win32
		{F5558E65-6F52-4A75-A479-9306B3AF2FF9}.Debug|x64.ActiveCfg = Debug|x64
		{F5558E65-6F52-4A75-A479-9306B3AF2FF9}.Debug|x64.Build.0 = Debug|x64
		{F5558E65-6F52-4A75-A479-9306B3AF2FF9}.Debug|x86.ActiveCfg = Debug|Win32
		{F5558E65-6F52-4A75-A479-9306B3AF2FF9}.Debug|x86.Build.0 = Debug|Win32
		{F5558E65-6F52-4A75-A479-9306B3AF2FF9}.Release|x64.ActiveCfg = Release|x64
		{F5558E65-6F52-4A75-A479-9306B3AF2FF9}.Release|x64.Build.0 = Release|x64
		{F5558E65-6F52-4A75-A479-9306B3AF2FF9}.Release|x86.ActiveCfg = Release|Win32
		{F5558E65-6F52-4A75-A479-9306B3AF2FF9}.Release|x86.Build.0 = Release|Win32
	EndGlobalSection
	GlobalSection(SolutionProperties) = preSolution
		HideSolutionNode = FALSE
	EndGlobalSection
	GlobalSection(ExtensibilityGlobals) = postSolution
		SolutionGuid = {23228513-5EC7-495F-BEF0-B95DA5708387}
	EndGlobalSection
EndGlobal
